
Microsoft Visual Studio Solution File, Format Version 12.00
# Visual Studio Version 17
VisualStudioVersion = 17.8.34511.84
MinimumVisualStudioVersion = 10.0.40219.1
Project("{FAE04EC0-301F-11D3-BF4B-00C04F79EFBC}") = "Prog_POE_Part1", "Prog_POE_Part1\Prog_POE_Part1.csproj", "{152C87BF-0DEB-42C5-BF38-F941EB5A2CE9}"
EndProject
Global
	GlobalSection(SolutionConfigurationPlatforms) = preSolution
		Debug|Any CPU = Debug|Any CPU
		Release|Any CPU = Release|Any CPU
	EndGlobalSection
	GlobalSection(ProjectConfigurationPlatforms) = postSolution
		{152C87BF-0DEB-42C5-BF38-F941EB5A2CE9}.Debug|Any CPU.ActiveCfg = Debug|Any CPU
		{152C87BF-0DEB-42C5-BF38-F941EB5A2CE9}.Debug|Any CPU.Build.0 = Debug|Any CPU
		{152C87BF-0DEB-42C5-BF38-F941EB5A2CE9}.Release|Any CPU.ActiveCfg = Release|Any CPU
		{152C87BF-0DEB-42C5-BF38-F941EB5A2CE9}.Release|Any CPU.Build.0 = Release|Any CPU
	EndGlobalSection
	GlobalSection(SolutionProperties) = preSolution
		HideSolutionNode = FALSE
	EndGlobalSection
	GlobalSection(ExtensibilityGlobals) = postSolution
		SolutionGuid = {F9B6B4E0-F88E-4C80-B5BA-A0EA1AEE2DCA}
	EndGlobalSection
EndGlobal
